
Microsoft Visual Studio Solution File, Format Version 12.00
# Visual Studio Version 17
VisualStudioVersion = 17.2.32630.192
MinimumVisualStudioVersion = 10.0.40219.1
Project("{9A19103F-16F7-4668-BE54-9A1E7A4F7556}") = "StellariumWebForm", "StellariumWebForm\StellariumWebForm.csproj", "{7E97A3A3-D9C0-4301-ACC7-320DF29E1400}"
EndProject
Global
	GlobalSection(SolutionConfigurationPlatforms) = preSolution
		Debug|Any CPU = Debug|Any CPU
		Release|Any CPU = Release|Any CPU
	EndGlobalSection
	GlobalSection(ProjectConfigurationPlatforms) = postSolution
		{7E97A3A3-D9C0-4301-ACC7-320DF29E1400}.Debug|Any CPU.ActiveCfg = Debug|Any CPU
		{7E97A3A3-D9C0-4301-ACC7-320DF29E1400}.Debug|Any CPU.Build.0 = Debug|Any CPU
		{7E97A3A3-D9C0-4301-ACC7-320DF29E1400}.Release|Any CPU.ActiveCfg = Release|Any CPU
		{7E97A3A3-D9C0-4301-ACC7-320DF29E1400}.Release|Any CPU.Build.0 = Release|Any CPU
	EndGlobalSection
	GlobalSection(SolutionProperties) = preSolution
		HideSolutionNode = FALSE
	EndGlobalSection
	GlobalSection(ExtensibilityGlobals) = postSolution
		SolutionGuid = {DFBBDA4D-2AE2-48D6-B8FB-9D5DF633EAC8}
	EndGlobalSection
EndGlobal
